
Microsoft Visual Studio Solution File, Format Version 12.00
# Visual Studio Version 16
VisualStudioVersion = 16.0.29911.84
MinimumVisualStudioVersion = 10.0.40219.1
Project("{9A19103F-16F7-4668-BE54-9A1E7A4F7556}") = "Lab4", "Lab4\Lab4.csproj", "{4BEA644E-0B58-4000-A047-CE0E31CF059C}"
EndProject
Global
	GlobalSection(SolutionConfigurationPlatforms) = preSolution
		Debug|Any CPU = Debug|Any CPU
		Release|Any CPU = Release|Any CPU
	EndGlobalSection
	GlobalSection(ProjectConfigurationPlatforms) = postSolution
		{4BEA644E-0B58-4000-A047-CE0E31CF059C}.Debug|Any CPU.ActiveCfg = Debug|Any CPU
		{4BEA644E-0B58-4000-A047-CE0E31CF059C}.Debug|Any CPU.Build.0 = Debug|Any CPU
		{4BEA644E-0B58-4000-A047-CE0E31CF059C}.Release|Any CPU.ActiveCfg = Release|Any CPU
		{4BEA644E-0B58-4000-A047-CE0E31CF059C}.Release|Any CPU.Build.0 = Release|Any CPU
	EndGlobalSection
	GlobalSection(SolutionProperties) = preSolution
		HideSolutionNode = FALSE
	EndGlobalSection
	GlobalSection(ExtensibilityGlobals) = postSolution
		SolutionGuid = {429ED325-730D-44FA-AFBE-C98B10468055}
	EndGlobalSection
EndGlobal
